
Microsoft Visual Studio Solution File, Format Version 12.00
# Visual Studio Version 16
VisualStudioVersion = 16.0.30523.141
MinimumVisualStudioVersion = 10.0.40219.1
Project("{FAE04EC0-301F-11D3-BF4B-00C04F79EFBC}") = "Bitnvest", "Bitnvest\Bitnvest.csproj", "{54D7771A-6816-4F20-8B93-46058C8E9C7D}"
EndProject
Global
	GlobalSection(SolutionConfigurationPlatforms) = preSolution
		Debug|Any CPU = Debug|Any CPU
		Release|Any CPU = Release|Any CPU
	EndGlobalSection
	GlobalSection(ProjectConfigurationPlatforms) = postSolution
		{54D7771A-6816-4F20-8B93-46058C8E9C7D}.Debug|Any CPU.ActiveCfg = Debug|Any CPU
		{54D7771A-6816-4F20-8B93-46058C8E9C7D}.Debug|Any CPU.Build.0 = Debug|Any CPU
		{54D7771A-6816-4F20-8B93-46058C8E9C7D}.Release|Any CPU.ActiveCfg = Release|Any CPU
		{54D7771A-6816-4F20-8B93-46058C8E9C7D}.Release|Any CPU.Build.0 = Release|Any CPU
	EndGlobalSection
	GlobalSection(SolutionProperties) = preSolution
		HideSolutionNode = FALSE
	EndGlobalSection
	GlobalSection(ExtensibilityGlobals) = postSolution
		SolutionGuid = {5DECA112-758A-43BB-9965-16FFFF19F7F2}
	EndGlobalSection
EndGlobal
